# This file is automatically @generated by Cargo.
# It is not intended for manual editing.
version = 3

[[package]]
name = "extendr-api"
version = "0.3.1"
source = "git+https://github.com/eitsupi/extendr?rev=c5ab8d4ef9bb7ff9f9de06f75d3518313753d9af#c5ab8d4ef9bb7ff9f9de06f75d3518313753d9af"
dependencies = [
 "extendr-engine",
 "extendr-macros",
 "lazy_static",
 "libR-sys",
 "paste",
]

[[package]]
name = "extendr-engine"
version = "0.3.1"
source = "git+https://github.com/eitsupi/extendr?rev=c5ab8d4ef9bb7ff9f9de06f75d3518313753d9af#c5ab8d4ef9bb7ff9f9de06f75d3518313753d9af"
dependencies = [
 "libR-sys",
]

[[package]]
name = "extendr-macros"
version = "0.3.1"
source = "git+https://github.com/eitsupi/extendr?rev=c5ab8d4ef9bb7ff9f9de06f75d3518313753d9af#c5ab8d4ef9bb7ff9f9de06f75d3518313753d9af"
dependencies = [
 "proc-macro2",
 "quote",
 "syn",
]

[[package]]
name = "helloextendr"
version = "0.3.0"
dependencies = [
 "extendr-api",
]

[[package]]
name = "lazy_static"
version = "1.4.0"
source = "registry+https://github.com/rust-lang/crates.io-index"
checksum = "e2abad23fbc42b3700f2f279844dc832adb2b2eb069b2df918f455c4e18cc646"

[[package]]
name = "libR-sys"
version = "0.3.0"
source = "git+https://github.com/eitsupi/libR-sys?rev=e05ad4cfa3ad089ed0cdaacbb1fda8f3f3750fa0#e05ad4cfa3ad089ed0cdaacbb1fda8f3f3750fa0"

[[package]]
name = "paste"
version = "1.0.11"
source = "registry+https://github.com/rust-lang/crates.io-index"
checksum = "d01a5bd0424d00070b0098dd17ebca6f961a959dead1dbcbbbc1d1cd8d3deeba"

[[package]]
name = "proc-macro2"
version = "1.0.49"
source = "registry+https://github.com/rust-lang/crates.io-index"
checksum = "57a8eca9f9c4ffde41714334dee777596264c7825420f521abc92b5b5deb63a5"
dependencies = [
 "unicode-ident",
]

[[package]]
name = "quote"
version = "1.0.23"
source = "registry+https://github.com/rust-lang/crates.io-index"
checksum = "8856d8364d252a14d474036ea1358d63c9e6965c8e5c1885c18f73d70bff9c7b"
dependencies = [
 "proc-macro2",
]

[[package]]
name = "syn"
version = "1.0.107"
source = "registry+https://github.com/rust-lang/crates.io-index"
checksum = "1f4064b5b16e03ae50984a5a8ed5d4f8803e6bc1fd170a3cda91a1be4b18e3f5"
dependencies = [
 "proc-macro2",
 "quote",
 "unicode-ident",
]

[[package]]
name = "unicode-ident"
version = "1.0.6"
source = "registry+https://github.com/rust-lang/crates.io-index"
checksum = "84a22b9f218b40614adcb3f4ff08b703773ad44fa9423e4e0d346d5db86e4ebc"
